{
    "_meta": {
        "hash": {
            "sha256": "ae98a02c1ac386bafa0fdcc3e6d998a377462f19ee73570545e9f5ca387b7f93"
        },
        "pipfile-spec": 6,
        "requires": {
            "python_version": "3.9"
        },
        "sources": [
            {
                "name": "pypi",
                "url": "https://pypi.org/simple",
                "verify_ssl": true
            }
        ]
    },
    "default": {
        "asgiref": {
            "hashes": [
                "sha256:4ef1ab46b484e3c706329cedeff284a5d40824200638503f5768edb6de7d58e9",
                "sha256:ffc141aa908e6f175673e7b1b3b7af4fdb0ecb738fc5c8b88f69f055c2415214"
            ],
            "markers": "python_version >= '3.6'",
            "version": "==3.4.1"
        },
        "django": {
            "hashes": [
                "sha256:59304646ebc6a77b9b6a59adc67d51ecb03c5e3d63ed1f14c909cdfda84e8010",
                "sha256:d5a8a14da819a8b9237ee4d8c78dfe056ff6e8a7511987be627192225113ee75"
            ],
            "index": "pypi",
            "version": "==4.0"
        },
        "django-environ": {
            "hashes": [
                "sha256:42593bee519a527602a467c7b682aee1a051c2597f98c45f4f4f44169ecdb6e5",
                "sha256:6f0bc902b43891656b20486938cba0861dc62892784a44919170719572a534cb"
            ],
            "index": "pypi",
            "version": "==0.8.1"
        },
        "flake8": {
            "hashes": [
                "sha256:479b1304f72536a55948cb40a32dce8bb0ffe3501e26eaf292c7e60eb5e0428d",
                "sha256:806e034dda44114815e23c16ef92f95c91e4c71100ff52813adf7132a6ad870d"
            ],
            "index": "pypi",
            "version": "==4.0.1"
        },
        "isort": {
            "hashes": [
                "sha256:6f62d78e2f89b4500b080fe3a81690850cd254227f27f75c3a0c491a1f351ba7",
                "sha256:e8443a5e7a020e9d7f97f1d7d9cd17c88bcb3bc7e218bf9cf5095fe550be2951"
            ],
            "index": "pypi",
            "version": "==5.10.1"
        },
        "mccabe": {
            "hashes": [
                "sha256:ab8a6258860da4b6677da4bd2fe5dc2c659cff31b3ee4f7f5d64e79735b80d42",
                "sha256:dd8d182285a0fe56bace7f45b5e7d1a6ebcbf524e8f3bd87eb0f125271b8831f"
            ],
            "version": "==0.6.1"
        },
        "psycopg-binary": {
            "hashes": [
                "sha256:04e6623d0e0d8d502339234c75834fcf3396feeed4ea147323580216c39d52a3",
                "sha256:06f7103aa9452c51c9681e234fea8375906c5167c92b46710a847498fcf158ec",
                "sha256:099f3623f858a88f631b344deccdd1af2b02633729ed3f4cd7eae80de486e2e7",
                "sha256:142ba34c2adf33c10f40720201efe8e04ea3dc9908d49ae11d6fc3746a8256ca",
                "sha256:1fe06734dd438df33f4ae73df9db0251748c9f5470cc4d320fba860e518c08de",
                "sha256:248e7450c42e769a2b2fef0d740783d7b065da7fcf205363cf8981eebdc7e811",
                "sha256:25b7139b0a9e136ec9f9557ea4fdae5c58ab7c8fddfcd0ffc87bd520290456c7",
                "sha256:2bb6a8f623952a9ce65986490c281705850ba5fdda25b521b2d954282e191a5b",
                "sha256:2cf3b21510f92da52faa11e1a7314b87d56199068316befe9017e42c53fef927",
                "sha256:2f5003ebc1cf2421d2344255e7ea23b1d6cf7ae74849168252c88b04b40c3a19",
                "sha256:3ac359dad1de3c3cc17cc050a8e3bd8b0db66467916618b4a4c11d9542180e59",
                "sha256:3b091efce82491d5dd54485ff559dd34c37487a0559c1be245239953f6ab4446",
                "sha256:44ca29c7e55005e15d82a18eb1016d35216a2ba4f23d991d5293abd6419301cd",
                "sha256:502d952e2dee06dda732c105da27a9851bbb5c44680078303da2fa13d7ef9d7d",
                "sha256:60006d3cb70cd629986652485aafd62005da5c408ddd347b989bfadb8ee9b2e7",
                "sha256:647b24aff0e47c3a7079a2886cd88e82a943089b00788665f9b479c58db4e2f6",
                "sha256:653d4a31f8bb6f984fd8677ecd452021616072ccdb676199384dc767bb5aefd5",
                "sha256:6e25d4aa2866fefa9edeb22e4e3fc9971acee8acbc363168b88d409b2f1b0f91",
                "sha256:72f1d0d05fbeb39faa0a8685903f3c0bc45a23d17d6dddd26b7f08f7fd7eae99",
                "sha256:797f696c83120e7538bc78a53876b1f93df603a7221b01f3b2f27c8086e0e556",
                "sha256:7d85e673dd74cacf2a41b85916fc80acf8a3c4862e90beb50fb954da880c7d17",
                "sha256:83f331b181ddc73a8657251d81a555484dbb801002876d306e52ec2737e69e25",
                "sha256:8616da41527a54324b36b56a654f4e74462a44233567021fe0fa6938bf905138",
                "sha256:8cb765d41e1a731a1f5c775895032eac5c7bdfc0afa784bae8eb785e66c3a649",
                "sha256:8ccd43fa1d8aa983c82692d56ffde28850c9e18e4f6b0f1fe89ea4cc26ac9cdd",
                "sha256:8f8f4fb1e19bd5d13c095a9797a0cd2f67e923fd677ecb5ef41114c0515f8a5d",
                "sha256:8fa51d186873672724fcef249ae313ee8196b0b7bbc107afdc5a2175ab01b1ab",
                "sha256:a64409fcba06a844cf256711bd94351c1073fdd676985deda37732dd94b0f96b",
                "sha256:a84ca6aeaebe54ef6feddfde6d1f36abead5fc09a77e2cad17a3b43513c66b38",
                "sha256:a97af1e96cd85fcd901286ece975fcfff67c9ab2dbd81037c4de7ce8f727807d",
                "sha256:b128e6a0f477d845ae0827e4fb23a9c847373b029f0abd967a42cd4d361b0cb0",
                "sha256:b2ae508cb730a90161395b7c34c8b7bc024c0d59f4c932e0b7da96cbef63520b",
                "sha256:b9d734301d41c9009d40d3759f43b3f7a087b60e7678868e8539912e96d97d1c",
                "sha256:c7e306d7333be433d6f75dee570601fe5832206aeb1bbb060030de381adfc9b4",
                "sha256:caf8cd744ba9089c8c3a88d0807fbd62df516145e79c8f2599e05012d29065d9",
                "sha256:d4cdae698f19505b02968788cc41dac8cc3f7cceb456f6754ddbe145abb792d5",
                "sha256:dc1868fb8a94c4ac9ea5310caa31422adf01c4a724ee27b25f8d13d34024d31b",
                "sha256:de52327f2d8a024e1854a7d9ad87affcf6368753b848c94b2fee18fb86743b54",
                "sha256:deff42cc5a9ca1d4a0ec896c169e399d890b2a99210e3d08bd6a0374d40dd712",
                "sha256:df7bd86d6077883a41d0148cfd41f88416e6bd8471e030e822aab71d3461f68d",
                "sha256:e25c4811e44e4ca0548b3f05e6e8a525a2af28bdf16c57fa9c9f166e4eadc2e6",
                "sha256:e44c356493010c93ce09a53595e4449f3ce036b99d9594a32ee2e693bbc88a1d",
                "sha256:e53f9c13a5957163ca90c6d4341a128ff598e1f121dd9aa4f944d45fa663276f",
                "sha256:e643b3ed9171c507eafebd7d7cd22616403e78c0a5a35723a8b59726c57d466f",
                "sha256:e8835d106645f790f04ee78c8a7a2ae59ebade9edcba07fbc5b01be89d3be9a8",
                "sha256:e9bbf5dd6bbe9580195e2fd9fa6bbc6cd43a49896e9b3fbc66720c9a29ae2745",
                "sha256:f6ad3ad5b82cf4296f3958b39b96d2411ba2f2f549b3da28a8f837287251dd97",
                "sha256:f7748903435a0ee380000d07290192713774e2b7b394b634672da63189db5995",
                "sha256:f853238db591afa0fd66e530f8f32c813b579885aa1f7248ab5df10eb45a2b44",
                "sha256:fcb7cf14503ae870df66f3aa8d856204a098cf45ae1bf04c01a59d144263e6d5"
            ],
            "index": "pypi",
            "version": "==3.0.6"
        },
        "psycopg2-binary": {
            "hashes": [
                "sha256:029e09a892b9ebc3c77851f69ce0720e1b72a9c6850460cee49b14dfbf9ccdd2",
                "sha256:108b0380969ddab7c8ef2a813a57f87b308b2f88ec15f1a1e7b653964a3cfb25",
                "sha256:14427437117f38e65f71db65d8eafd0e86837be456567798712b8da89db2b2dd",
                "sha256:234b1f48488b2f86aac04fb00cb04e5e9bcb960f34fa8a8e41b73149d581a93b",
                "sha256:2e4bbcfb403221ea1953f3e0a85cef00ed15c1683a66cf35c956a7e37c33a4c4",
                "sha256:2eecbdc5fa5886f2dd6cc673ce4291cc0fb8900965315268960ad9c2477f8276",
                "sha256:37c8f00f7a2860bac9f7a54f03c243fc1dd9b367e5b2b52f5a02e5f4e9d8c49b",
                "sha256:3865d0cd919349c45603bd7e80249a382c5ecf8106304cfd153282adf9684b6a",
                "sha256:3a320e7a804f3886a599fea507364aaafbb8387027fffcdfbd34d96316c806c7",
                "sha256:3ac83656ff4fbe7f2a956ab085e3eb1d678df54759965d509bdd6a06ce520d49",
                "sha256:497372cc76e6cbce2f51b37be141f360a321423c03eb9be45524b1d123f4cd11",
                "sha256:4c2dea4deac3dd3687e32daeb0712ee96c535970dfdded37a11de6a21145ab0e",
                "sha256:53912199abb626a7249c662e72b70b4f57bf37f840599cec68625171435790dd",
                "sha256:5671699aff57d22a245b7f4bba89e3de97dc841c5e98bd7f685429b2b20eca47",
                "sha256:578c279cd1ce04f05ae0912530ece00bab92854911808e5aec27588aba87e361",
                "sha256:717525cdc97b23182ff6f470fb5bf6f0bc796b5a7000c6f6699d6679991e4a5e",
                "sha256:7585ca73dcfe326f31fafa8f96e6bb98ea9e9e46c7a1924ec8101d797914ae27",
                "sha256:7e6bd4f532c2cd297b81114526176b240109a1c52020adca69c3f3226c65dc18",
                "sha256:8d2aafe46eb87742425ece38130510fbb035787ee89a329af299029c4d9ae318",
                "sha256:9c0aaad07941419926b9bd00171e49fe6b06e42e5527fb91671e137fe6c93d77",
                "sha256:a04cfa231e7d9b63639e62166a4051cb47ca599fa341463fa3e1c48585fcee64",
                "sha256:a1852c5bef7e5f52bd43fde5eda610d4df0fb2efc31028150933e84b4140d47a",
                "sha256:a507db7758953b1b170c4310691a1a89877029b1e11b08ba5fc8ae3ddb35596b",
                "sha256:a77e98c68b0e6c51d4d6a994d22b30e77276cbd33e4aabdde03b9ad3a2c148aa",
                "sha256:aa2847d8073951dbc84c4f8b32c620764db3c2eb0d99a04835fecfab7d04816e",
                "sha256:b592f09ff18cfcc9037b9a976fcd62db48cae9dbd5385f2471d4c2ba40c52b4d",
                "sha256:b9d45374ba98c1184df9cce93a0b766097544f8bdfcd5de83ff10f939c193125",
                "sha256:bf31e6fdb4ec1f6d98a07f48836508ed6edd19b48b13bbf168fbc1bd014b4ca2",
                "sha256:c0e1fb7097ded2cc44d9037cfc68ad86a30341261492e7de95d180e534969fb2",
                "sha256:c6e16e085fe6dc6c099ee0be56657aa9ad71027465ef9591d302ba230c404c7e",
                "sha256:daf6b5c62eb738872d61a1fa740d7768904911ba5a7e055ed72169d379b58beb",
                "sha256:db1b03c189f85b8df29030ad32d521dd7dcb862fd5f8892035314f5b886e70ce",
                "sha256:eeee7b18c51d02e49bf1984d7af26e8843fe68e31fa1cbab5366ebdfa1c89ade",
                "sha256:ef97578fab5115e3af4334dd3376dea3c3a79328a3314b21ec7ced02920b916d",
                "sha256:f4dff0f15af6936c6fe6da7067b4216edbbe076ad8625da819cc066591b1133c",
                "sha256:f9c37ecb173d76cf49e519133fd70851b8f9c38b6b8c1cb7fcfc71368d4cc6fc"
            ],
            "index": "pypi",
            "version": "==2.9.2"
        },
        "pycodestyle": {
            "hashes": [
                "sha256:720f8b39dde8b293825e7ff02c475f3077124006db4f440dcbc9a20b76548a20",
                "sha256:eddd5847ef438ea1c7870ca7eb78a9d47ce0cdb4851a5523949f2601d0cbbe7f"
            ],
            "markers": "python_version >= '2.7' and python_version not in '3.0, 3.1, 3.2, 3.3, 3.4'",
            "version": "==2.8.0"
        },
        "pyflakes": {
            "hashes": [
                "sha256:05a85c2872edf37a4ed30b0cce2f6093e1d0581f8c19d7393122da7e25b2b24c",
                "sha256:3bb3a3f256f4b7968c9c788781e4ff07dce46bdf12339dcda61053375426ee2e"
            ],
            "markers": "python_version >= '2.7' and python_version not in '3.0, 3.1, 3.2, 3.3'",
            "version": "==2.4.0"
        },
        "sqlparse": {
            "hashes": [
                "sha256:0c00730c74263a94e5a9919ade150dfc3b19c574389985446148402998287dae",
                "sha256:48719e356bb8b42991bdbb1e8b83223757b93789c00910a616a071910ca4a64d"
            ],
            "markers": "python_version >= '3.5'",
            "version": "==0.4.2"
        }
    },
    "develop": {}
}
